{
  "name": "package.json",
  "version": "1.0.0",
  "lockfileVersion": 1,
  "requires": true,
  "dependencies": {
    "slimer-html-pdf": {
      "version": "0.11.1",
      "resolved": "https://registry.npmjs.org/slimer-html-pdf/-/slimer-html-pdf-0.11.1.tgz",
      "integrity": "sha1-78JWszglqJH/Megt0fsT+nXvO4U=",
      "requires": {
        "slimerjs": "^0.10.2"
      }
    },
    "slimerjs": {
      "version": "0.10.3",
      "resolved": "https://registry.npmjs.org/slimerjs/-/slimerjs-0.10.3.tgz",
      "integrity": "sha1-v9lesGNOgaI7I4M6Qi9ovjLP/sg="
    }
  }
}
